
Microsoft Visual Studio Solution File, Format Version 12.00
# Visual Studio Version 17
VisualStudioVersion = 17.14.36408.4 d17.14
MinimumVisualStudioVersion = 10.0.40219.1
Project("{FAE04EC0-301F-11D3-BF4B-00C04F79EFBC}") = "LogicNetwork", "LogicNetwork.csproj", "{62C3CCEA-93E3-4553-8AFE-B3297DD2C2AD}"
EndProject
Project("{FAE04EC0-301F-11D3-BF4B-00C04F79EFBC}") = "LogicNetwork.Tests", "..\LogicNetwork.Tests\LogicNetwork.Tests.csproj", "{E419C5D0-1D95-4724-8364-6E04B92594B7}"
EndProject
Global
	GlobalSection(SolutionConfigurationPlatforms) = preSolution
		Debug|Any CPU = Debug|Any CPU
		Release|Any CPU = Release|Any CPU
	EndGlobalSection
	GlobalSection(ProjectConfigurationPlatforms) = postSolution
		{62C3CCEA-93E3-4553-8AFE-B3297DD2C2AD}.Debug|Any CPU.ActiveCfg = Debug|Any CPU
		{62C3CCEA-93E3-4553-8AFE-B3297DD2C2AD}.Debug|Any CPU.Build.0 = Debug|Any CPU
		{62C3CCEA-93E3-4553-8AFE-B3297DD2C2AD}.Release|Any CPU.ActiveCfg = Release|Any CPU
		{62C3CCEA-93E3-4553-8AFE-B3297DD2C2AD}.Release|Any CPU.Build.0 = Release|Any CPU
		{E419C5D0-1D95-4724-8364-6E04B92594B7}.Debug|Any CPU.ActiveCfg = Debug|Any CPU
		{E419C5D0-1D95-4724-8364-6E04B92594B7}.Debug|Any CPU.Build.0 = Debug|Any CPU
		{E419C5D0-1D95-4724-8364-6E04B92594B7}.Release|Any CPU.ActiveCfg = Release|Any CPU
		{E419C5D0-1D95-4724-8364-6E04B92594B7}.Release|Any CPU.Build.0 = Release|Any CPU
	EndGlobalSection
	GlobalSection(SolutionProperties) = preSolution
		HideSolutionNode = FALSE
	EndGlobalSection
	GlobalSection(ExtensibilityGlobals) = postSolution
		SolutionGuid = {0133079C-0E66-4908-BA9B-9B0F0DC902D8}
	EndGlobalSection
EndGlobal
